# This file is autogenerated, do not edit; changes may be undone by the next 'dep ensure'.


[[projects]]
  branch = "master"
  digest = "1:6083fc4e90fe661aad326c42fa16fb85774cb55711560d1208c82ff290534836"
  name = "github.com/bitrise-io/go-utils"
  packages = [
    "colorstring",
    "command",
    "errorutil",
    "log",
    "pathutil",
  ]
  pruneopts = ""
  revision = "2a09aab8380d7842750328aebd5671bcccea89c8"

[[projects]]
  branch = "master"
  digest = "1:b2e56f7cfd3fd00284143de86560623f059cd5b002b927233b1acea65e0360ba"
  name = "github.com/kitasuke/go-swift"
  packages = [
    "models",
    "swift",
    "utility",
  ]
  pruneopts = ""
  revision = "2efdcc12db53e9b99001dd7436916e5b581feb72"

[solve-meta]
  analyzer-name = "dep"
  analyzer-version = 1
  input-imports = [
    "github.com/bitrise-io/go-utils/command",
    "github.com/bitrise-io/go-utils/log",
    "github.com/kitasuke/go-swift/swift",
    "github.com/kitasuke/go-swift/utility",
  ]
  solver-name = "gps-cdcl"
  solver-version = 1
